
Microsoft Visual Studio Solution File, Format Version 12.00
# Visual Studio 15
VisualStudioVersion = 15.0.26430.12
MinimumVisualStudioVersion = 10.0.40219.1
Project("{F184B08F-C81C-45F6-A57F-5ABD9991F28F}") = "CmisObjectModel", "CmisObjectModel.vbproj", "{1E902B05-C6D4-4A39-BD2F-97863F9E8480}"
EndProject
Global
	GlobalSection(SolutionConfigurationPlatforms) = preSolution
		Debug|Any CPU = Debug|Any CPU
		Release|Any CPU = Release|Any CPU
	EndGlobalSection
	GlobalSection(ProjectConfigurationPlatforms) = postSolution
		{1E902B05-C6D4-4A39-BD2F-97863F9E8480}.Debug|Any CPU.ActiveCfg = Debug|Any CPU
		{1E902B05-C6D4-4A39-BD2F-97863F9E8480}.Debug|Any CPU.Build.0 = Debug|Any CPU
		{1E902B05-C6D4-4A39-BD2F-97863F9E8480}.Release|Any CPU.ActiveCfg = Release|Any CPU
		{1E902B05-C6D4-4A39-BD2F-97863F9E8480}.Release|Any CPU.Build.0 = Release|Any CPU
	EndGlobalSection
	GlobalSection(SolutionProperties) = preSolution
		HideSolutionNode = FALSE
	EndGlobalSection
EndGlobal
